{
  "name": "@ng-nomads/tools",
  "version": "0.0.1",
  "lockfileVersion": 3,
  "requires": true,
  "packages": {
    "": {
      "name": "@ng-nomads/tools",
      "version": "0.0.1",
      "license": "Apache-2.0",
      "workspaces": [
        "packages/*"
      ],
      "devDependencies": {}
    },
    "node_modules/@ng-nomads/add-ng-application": {
      "resolved": "packages/add-ng-application",
      "link": true
    },
    "node_modules/@ng-nomads/add-ng-library": {
      "resolved": "packages/add-ng-library",
      "link": true
    },
    "node_modules/@ng-nomads/create-ng-application": {
      "resolved": "packages/create-ng-application",
      "link": true
    },
    "node_modules/@ng-nomads/create-ng-component": {
      "resolved": "packages/create-ng-component",
      "link": true
    },
    "node_modules/@ng-nomads/create-ng-library": {
      "resolved": "packages/create-ng-library",
      "link": true
    },
    "node_modules/@ng-nomads/create-ng-project": {
      "resolved": "packages/create-ng-project",
      "link": true
    },
    "node_modules/commander": {
      "version": "10.0.1",
      "resolved": "https://registry.npmjs.org/commander/-/commander-10.0.1.tgz",
      "integrity": "sha512-y4Mg2tXshplEbSGzx7amzPwKKOCGuoSRP/CjEdwwk0FOGlUbq6lKuoyDZTNZkmxHdJtp54hdfY/JUrdL7Xfdug==",
      "engines": {
        "node": ">=14"
      }
    },
    "packages/add-ng-application": {
      "name": "@ng-nomads/add-ng-application",
      "version": "1.0.0",
      "license": "ISC",
      "dependencies": {
        "commander": "^10.0.0"
      },
      "bin": {
        "add-ng-application": "src/index.js"
      }
    },
    "packages/add-ng-library": {
      "name": "@ng-nomads/add-ng-library",
      "version": "1.0.0",
      "license": "ISC",
      "dependencies": {
        "commander": "^10.0.0"
      },
      "bin": {
        "add-ng-library": "src/index.js"
      }
    },
    "packages/create-ng-application": {
      "name": "@ng-nomads/create-ng-application",
      "version": "1.0.0",
      "license": "ISC",
      "dependencies": {
        "commander": "^10.0.0"
      },
      "bin": {
        "create-ng-application": "src/index.js"
      }
    },
    "packages/create-ng-component": {
      "name": "@ng-nomads/create-ng-component",
      "version": "1.0.0",
      "license": "ISC",
      "dependencies": {
        "commander": "^10.0.0"
      },
      "bin": {
        "create-ng-component": "src/index.js"
      }
    },
    "packages/create-ng-library": {
      "name": "@ng-nomads/create-ng-library",
      "version": "1.0.0",
      "license": "ISC",
      "dependencies": {
        "commander": "^10.0.0"
      },
      "bin": {
        "create-ng-library": "src/index.js"
      }
    },
    "packages/create-ng-project": {
      "name": "@ng-nomads/create-ng-project",
      "version": "1.0.0",
      "license": "ISC",
      "dependencies": {
        "commander": "^10.0.0"
      },
      "bin": {
        "create-ng-project": "src/index.js"
      }
    }
  }
}
